
Microsoft Visual Studio Solution File, Format Version 12.00
# Visual Studio Version 16
VisualStudioVersion = 16.0.31229.75
MinimumVisualStudioVersion = 10.0.40219.1
Project("{FAE04EC0-301F-11D3-BF4B-00C04F79EFBC}") = "L4-2", "L4-2\L4-2.csproj", "{4BCE6E91-4732-4309-A5F2-5632B20CDB61}"
EndProject
Global
	GlobalSection(SolutionConfigurationPlatforms) = preSolution
		Debug|Any CPU = Debug|Any CPU
		Release|Any CPU = Release|Any CPU
	EndGlobalSection
	GlobalSection(ProjectConfigurationPlatforms) = postSolution
		{4BCE6E91-4732-4309-A5F2-5632B20CDB61}.Debug|Any CPU.ActiveCfg = Debug|Any CPU
		{4BCE6E91-4732-4309-A5F2-5632B20CDB61}.Debug|Any CPU.Build.0 = Debug|Any CPU
		{4BCE6E91-4732-4309-A5F2-5632B20CDB61}.Release|Any CPU.ActiveCfg = Release|Any CPU
		{4BCE6E91-4732-4309-A5F2-5632B20CDB61}.Release|Any CPU.Build.0 = Release|Any CPU
	EndGlobalSection
	GlobalSection(SolutionProperties) = preSolution
		HideSolutionNode = FALSE
	EndGlobalSection
	GlobalSection(ExtensibilityGlobals) = postSolution
		SolutionGuid = {F94D532D-F0FB-41D6-A47A-30673D67F66C}
	EndGlobalSection
EndGlobal
