
Microsoft Visual Studio Solution File, Format Version 12.00
# Visual Studio Version 16
VisualStudioVersion = 16.0.31229.75
MinimumVisualStudioVersion = 10.0.40219.1
Project("{FAE04EC0-301F-11D3-BF4B-00C04F79EFBC}") = "L8-2", "L8-2\L8-2.csproj", "{DC0711E7-90EC-4960-9D66-0D09D74A316F}"
EndProject
Global
	GlobalSection(SolutionConfigurationPlatforms) = preSolution
		Debug|Any CPU = Debug|Any CPU
		Release|Any CPU = Release|Any CPU
	EndGlobalSection
	GlobalSection(ProjectConfigurationPlatforms) = postSolution
		{DC0711E7-90EC-4960-9D66-0D09D74A316F}.Debug|Any CPU.ActiveCfg = Debug|Any CPU
		{DC0711E7-90EC-4960-9D66-0D09D74A316F}.Debug|Any CPU.Build.0 = Debug|Any CPU
		{DC0711E7-90EC-4960-9D66-0D09D74A316F}.Release|Any CPU.ActiveCfg = Release|Any CPU
		{DC0711E7-90EC-4960-9D66-0D09D74A316F}.Release|Any CPU.Build.0 = Release|Any CPU
	EndGlobalSection
	GlobalSection(SolutionProperties) = preSolution
		HideSolutionNode = FALSE
	EndGlobalSection
	GlobalSection(ExtensibilityGlobals) = postSolution
		SolutionGuid = {5BC455B1-0ED5-4682-B982-5A965E490F25}
	EndGlobalSection
EndGlobal
